
Microsoft Visual Studio Solution File, Format Version 12.00
# Visual Studio 15
VisualStudioVersion = 15.0.27703.2026
MinimumVisualStudioVersion = 10.0.40219.1
Project("{FAE04EC0-301F-11D3-BF4B-00C04F79EFBC}") = "ATMLibrary", "ClassLibrary1\ATMLibrary.csproj", "{E682B8B3-4D31-4B75-8293-778171EA3498}"
EndProject
Project("{FAE04EC0-301F-11D3-BF4B-00C04F79EFBC}") = "ATMLibraryTest", "ATMLibraryTest\ATMLibraryTest.csproj", "{BA97E55E-F234-45AB-88F1-2AA1B7202110}"
EndProject
Global
	GlobalSection(SolutionConfigurationPlatforms) = preSolution
		Debug|Any CPU = Debug|Any CPU
		Release|Any CPU = Release|Any CPU
	EndGlobalSection
	GlobalSection(ProjectConfigurationPlatforms) = postSolution
		{E682B8B3-4D31-4B75-8293-778171EA3498}.Debug|Any CPU.ActiveCfg = Debug|Any CPU
		{E682B8B3-4D31-4B75-8293-778171EA3498}.Debug|Any CPU.Build.0 = Debug|Any CPU
		{E682B8B3-4D31-4B75-8293-778171EA3498}.Release|Any CPU.ActiveCfg = Release|Any CPU
		{E682B8B3-4D31-4B75-8293-778171EA3498}.Release|Any CPU.Build.0 = Release|Any CPU
		{BA97E55E-F234-45AB-88F1-2AA1B7202110}.Debug|Any CPU.ActiveCfg = Debug|Any CPU
		{BA97E55E-F234-45AB-88F1-2AA1B7202110}.Debug|Any CPU.Build.0 = Debug|Any CPU
		{BA97E55E-F234-45AB-88F1-2AA1B7202110}.Release|Any CPU.ActiveCfg = Release|Any CPU
		{BA97E55E-F234-45AB-88F1-2AA1B7202110}.Release|Any CPU.Build.0 = Release|Any CPU
	EndGlobalSection
	GlobalSection(SolutionProperties) = preSolution
		HideSolutionNode = FALSE
	EndGlobalSection
	GlobalSection(ExtensibilityGlobals) = postSolution
		SolutionGuid = {02A409FD-4DD9-43A1-8D81-23AC913E324D}
	EndGlobalSection
EndGlobal
